
Microsoft Visual Studio Solution File, Format Version 12.00
# Visual Studio 15
VisualStudioVersion = 15.0.26430.13
MinimumVisualStudioVersion = 10.0.40219.1
Project("{FAE04EC0-301F-11D3-BF4B-00C04F79EFBC}") = "AcervoAtigos", "AcervoAtigos\AcervoAtigos.csproj", "{7F90D9E2-23FA-4949-BA17-B88B08FB6BAA}"
EndProject
Project("{FAE04EC0-301F-11D3-BF4B-00C04F79EFBC}") = "AcervoAtigos.Testes", "AcervoAtigos.Testes\AcervoAtigos.Testes.csproj", "{50FB7D46-EFBC-4AE2-84E6-D42C380D3E3C}"
EndProject
Global
	GlobalSection(SolutionConfigurationPlatforms) = preSolution
		Debug|Any CPU = Debug|Any CPU
		Release|Any CPU = Release|Any CPU
	EndGlobalSection
	GlobalSection(ProjectConfigurationPlatforms) = postSolution
		{7F90D9E2-23FA-4949-BA17-B88B08FB6BAA}.Debug|Any CPU.ActiveCfg = Debug|Any CPU
		{7F90D9E2-23FA-4949-BA17-B88B08FB6BAA}.Debug|Any CPU.Build.0 = Debug|Any CPU
		{7F90D9E2-23FA-4949-BA17-B88B08FB6BAA}.Release|Any CPU.ActiveCfg = Release|Any CPU
		{7F90D9E2-23FA-4949-BA17-B88B08FB6BAA}.Release|Any CPU.Build.0 = Release|Any CPU
		{50FB7D46-EFBC-4AE2-84E6-D42C380D3E3C}.Debug|Any CPU.ActiveCfg = Debug|Any CPU
		{50FB7D46-EFBC-4AE2-84E6-D42C380D3E3C}.Debug|Any CPU.Build.0 = Debug|Any CPU
		{50FB7D46-EFBC-4AE2-84E6-D42C380D3E3C}.Release|Any CPU.ActiveCfg = Release|Any CPU
		{50FB7D46-EFBC-4AE2-84E6-D42C380D3E3C}.Release|Any CPU.Build.0 = Release|Any CPU
	EndGlobalSection
	GlobalSection(SolutionProperties) = preSolution
		HideSolutionNode = FALSE
	EndGlobalSection
EndGlobal
